
Microsoft Visual Studio Solution File, Format Version 12.00
# Visual Studio 2012
Project("{FAE04EC0-301F-11D3-BF4B-00C04F79EFBC}") = "Dominion", "Dominion\Dominion.csproj", "{706DE566-429C-4A80-8D42-2D1861A5693B}"
EndProject
Global
	GlobalSection(SolutionConfigurationPlatforms) = preSolution
		Debug|Any CPU = Debug|Any CPU
		Release|Any CPU = Release|Any CPU
	EndGlobalSection
	GlobalSection(ProjectConfigurationPlatforms) = postSolution
		{706DE566-429C-4A80-8D42-2D1861A5693B}.Debug|Any CPU.ActiveCfg = Debug|Any CPU
		{706DE566-429C-4A80-8D42-2D1861A5693B}.Debug|Any CPU.Build.0 = Debug|Any CPU
		{706DE566-429C-4A80-8D42-2D1861A5693B}.Release|Any CPU.ActiveCfg = Release|Any CPU
		{706DE566-429C-4A80-8D42-2D1861A5693B}.Release|Any CPU.Build.0 = Release|Any CPU
	EndGlobalSection
	GlobalSection(SolutionProperties) = preSolution
		HideSolutionNode = FALSE
	EndGlobalSection
EndGlobal
